# THIS IS AN AUTOGENERATED FILE. DO NOT EDIT THIS FILE DIRECTLY.
# yarn lockfile v1


turbo-darwin-64@2.5.0:
  version "2.5.0"
  resolved "https://registry.yarnpkg.com/turbo-darwin-64/-/turbo-darwin-64-2.5.0.tgz#3d966d03b98b9b41dd5abf80bc792e251195a905"
  integrity sha512-fP1hhI9zY8hv0idym3hAaXdPi80TLovmGmgZFocVAykFtOxF+GlfIgM/l4iLAV9ObIO4SUXPVWHeBZQQ+Hpjag==

turbo-darwin-arm64@2.5.0:
  version "2.5.0"
  resolved "https://registry.yarnpkg.com/turbo-darwin-arm64/-/turbo-darwin-arm64-2.5.0.tgz#94bf89c6f2d942eadad08741a11ef36601980b58"
  integrity sha512-p9sYq7kXH7qeJwIQE86cOWv/xNqvow846l6c/qWc26Ib1ci5W7V0sI5thsrP3eH+VA0d+SHalTKg5SQXgNQBWA==

turbo-linux-64@2.5.0:
  version "2.5.0"
  resolved "https://registry.yarnpkg.com/turbo-linux-64/-/turbo-linux-64-2.5.0.tgz#878dae794436581d781c4573ff7975deab5b9d67"
  integrity sha512-1iEln2GWiF3iPPPS1HQJT6ZCFXynJPd89gs9SkggH2EJsj3eRUSVMmMC8y6d7bBbhBFsiGGazwFIYrI12zs6uQ==

turbo-linux-arm64@2.5.0:
  version "2.5.0"
  resolved "https://registry.yarnpkg.com/turbo-linux-arm64/-/turbo-linux-arm64-2.5.0.tgz#c2d84b11a340d480fd0a44bfd7c8cece2383d6fb"
  integrity sha512-bKBcbvuQHmsX116KcxHJuAcppiiBOfivOObh2O5aXNER6mce7YDDQJy00xQQNp1DhEfcSV2uOsvb3O3nN2cbcA==

turbo-windows-64@2.5.0:
  version "2.5.0"
  resolved "https://registry.yarnpkg.com/turbo-windows-64/-/turbo-windows-64-2.5.0.tgz#104dbe9466e98196dd2c9f5b0fcad223c3c05fb6"
  integrity sha512-9BCo8oQ7BO7J0K913Czbc3tw8QwLqn2nTe4E47k6aVYkM12ASTScweXPTuaPFP5iYXAT6z5Dsniw704Ixa5eGg==

turbo-windows-arm64@2.5.0:
  version "2.5.0"
  resolved "https://registry.yarnpkg.com/turbo-windows-arm64/-/turbo-windows-arm64-2.5.0.tgz#a7b4b5efea74001253ccf08f0edf004d9620e73e"
  integrity sha512-OUHCV+ueXa3UzfZ4co/ueIHgeq9B2K48pZwIxKSm5VaLVuv8M13MhM7unukW09g++dpdrrE1w4IOVgxKZ0/exg==

turbo@^2.5.0:
  version "2.5.0"
  resolved "https://registry.yarnpkg.com/turbo/-/turbo-2.5.0.tgz#6ea89f4511e7fb68b866c51e709bfbace7efc62a"
  integrity sha512-PvSRruOsitjy6qdqwIIyolv99+fEn57gP6gn4zhsHTEcCYgXPhv6BAxzAjleS8XKpo+Y582vTTA9nuqYDmbRuA==
  optionalDependencies:
    turbo-darwin-64 "2.5.0"
    turbo-darwin-arm64 "2.5.0"
    turbo-linux-64 "2.5.0"
    turbo-linux-arm64 "2.5.0"
    turbo-windows-64 "2.5.0"
    turbo-windows-arm64 "2.5.0"
